
Microsoft Visual Studio Solution File, Format Version 12.00
# Visual Studio Version 17
VisualStudioVersion = 17.2.32210.308
MinimumVisualStudioVersion = 10.0.40219.1
Project("{2150E333-8FDC-42A3-9474-1A3956D46DE8}") = "Sources", "Sources", "{A0856299-D28A-4513-B964-3FA5290FF160}"
EndProject
Project("{2150E333-8FDC-42A3-9474-1A3956D46DE8}") = "Runtime", "Runtime", "{3F77CC04-2E58-452B-8107-0C93E7944D4E}"
EndProject
Project("{2150E333-8FDC-42A3-9474-1A3956D46DE8}") = "Solution Items", "Solution Items", "{71B06E9A-6B24-443B-A1E4-1524878BD995}"
	ProjectSection(SolutionItems) = preProject
		.gitignore = .gitignore
		build.sh = build.sh
		CONTRIBUTING.md = CONTRIBUTING.md
		Directory.Build.props = Directory.Build.props
		LICENSE.txt = LICENSE.txt
		NuGet.Config = NuGet.Config
		README.md = README.md
		ThirdPartyNotices.txt = ThirdPartyNotices.txt
	EndProjectSection
EndProject
Project("{2150E333-8FDC-42A3-9474-1A3956D46DE8}") = "Data", "Data", "{B896CA01-930B-4AC4-951D-560346D735B8}"
EndProject
Project("{2150E333-8FDC-42A3-9474-1A3956D46DE8}") = "Speech", "Speech", "{BABB7492-D236-4F1E-81C8-AB300CE1AD84}"
EndProject
Project("{9A19103F-16F7-4668-BE54-9A1E7A4F7556}") = "Microsoft.Psi", "Sources\Runtime\Microsoft.Psi\Microsoft.Psi.csproj", "{04147400-0AB0-4F07-9975-D4B7E58150DB}"
EndProject
Project("{9A19103F-16F7-4668-BE54-9A1E7A4F7556}") = "Test.Psi", "Sources\Runtime\Test.Psi\Test.Psi.csproj", "{2CC39BCB-7798-474C-AC97-1C5F664101E2}"
EndProject
Project("{2150E333-8FDC-42A3-9474-1A3956D46DE8}") = "Kinect", "Kinect", "{CB8286F5-167B-4416-8FE9-9B97FCF146D5}"
EndProject
Project("{9A19103F-16F7-4668-BE54-9A1E7A4F7556}") = "Microsoft.Psi.Kinect.Windows", "Sources\Kinect\Microsoft.Psi.Kinect.Windows\Microsoft.Psi.Kinect.Windows.csproj", "{855FD8BE-6938-4784-B1EE-D90A8B5B2496}"
EndProject
Project("{2150E333-8FDC-42A3-9474-1A3956D46DE8}") = "Imaging", "Imaging", "{C6976E06-9D12-4398-8096-C23D04E63F61}"
EndProject
Project("{9A19103F-16F7-4668-BE54-9A1E7A4F7556}") = "Microsoft.Psi.Imaging", "Sources\Imaging\Microsoft.Psi.Imaging\Microsoft.Psi.Imaging.csproj", "{9BF2E5EF-186A-4179-B753-AE11EE90E026}"
EndProject
Project("{2150E333-8FDC-42A3-9474-1A3956D46DE8}") = "Audio", "Audio", "{04073AA2-7116-479B-9561-E54C012150AE}"
EndProject
Project("{9A19103F-16F7-4668-BE54-9A1E7A4F7556}") = "Microsoft.Psi.Audio", "Sources\Audio\Microsoft.Psi.Audio\Microsoft.Psi.Audio.csproj", "{AC5745DA-570C-4E57-9AE4-D1974F629428}"
EndProject
Project("{9A19103F-16F7-4668-BE54-9A1E7A4F7556}") = "Microsoft.Psi.Speech", "Sources\Speech\Microsoft.Psi.Speech\Microsoft.Psi.Speech.csproj", "{C048E3FB-CDC4-4577-A40E-8C9B1B7CEDF1}"
EndProject
Project("{9A19103F-16F7-4668-BE54-9A1E7A4F7556}") = "Microsoft.Psi.Audio.Windows", "Sources\Audio\Microsoft.Psi.Audio.Windows\Microsoft.Psi.Audio.Windows.csproj", "{80C75A20-920A-4B30-B05E-970BE844456A}"
EndProject
Project("{9A19103F-16F7-4668-BE54-9A1E7A4F7556}") = "Microsoft.Psi.Speech.Windows", "Sources\Speech\Microsoft.Psi.Speech.Windows\Microsoft.Psi.Speech.Windows.csproj", "{3FB6CD31-0941-4372-9BDB-9E6830385DD4}"
EndProject
Project("{2150E333-8FDC-42A3-9474-1A3956D46DE8}") = "Language", "Language", "{8FFE8939-07A7-4D77-8DA8-40FE66D1B9BF}"
EndProject
Project("{9A19103F-16F7-4668-BE54-9A1E7A4F7556}") = "Microsoft.Psi.Language", "Sources\Language\Microsoft.Psi.Language\Microsoft.Psi.Language.csproj", "{8AC7DE3C-DF3C-44A8-9E69-E1F21BF3E564}"
EndProject
Project("{9A19103F-16F7-4668-BE54-9A1E7A4F7556}") = "Test.Psi.Speech.Windows", "Sources\Speech\Test.Psi.Speech.Windows\Test.Psi.Speech.Windows.csproj", "{FFFD905A-1672-4920-B790-EEA6A961383C}"
EndProject
Project("{9A19103F-16F7-4668-BE54-9A1E7A4F7556}") = "Test.Psi.Audio", "Sources\Audio\Test.Psi.Audio\Test.Psi.Audio.csproj", "{7D481D0D-75C2-4E9F-9FE3-43EB63403F2B}"
EndProject
Project("{FAE04EC0-301F-11D3-BF4B-00C04F79EFBC}") = "Test.Psi.Imaging.Windows", "Sources\Imaging\Test.Psi.Imaging.Windows\Test.Psi.Imaging.Windows.csproj", "{191DF615-3D8F-45A3-B763-DD4A604A712A}"
EndProject
Project("{2150E333-8FDC-42A3-9474-1A3956D46DE8}") = "Toolkits", "Toolkits", "{B592009C-5137-4D7F-8B50-C7D8500230D6}"
EndProject
Project("{2150E333-8FDC-42A3-9474-1A3956D46DE8}") = "FiniteStateMachine", "FiniteStateMachine", "{376FE39C-65ED-44BF-8449-B392FE5AF656}"
EndProject
Project("{9A19103F-16F7-4668-BE54-9A1E7A4F7556}") = "Microsoft.Psi.FiniteStateMachine", "Sources\Toolkits\FiniteStateMachine\Microsoft.Psi.FiniteStateMachine\Microsoft.Psi.FiniteStateMachine.csproj", "{57B57050-5044-4EA9-AC08-030F49E69D62}"
EndProject
Project("{2150E333-8FDC-42A3-9474-1A3956D46DE8}") = "Media", "Media", "{AD8FE445-240A-4791-8C64-A5E2D6E67FF9}"
EndProject
Project("{2150E333-8FDC-42A3-9474-1A3956D46DE8}") = "Common", "Common", "{2EA715D8-BF51-43B6-BE0E-0884490D8063}"
EndProject
Project("{9A19103F-16F7-4668-BE54-9A1E7A4F7556}") = "Test.Psi.Common", "Sources\Common\Test.Psi.Common\Test.Psi.Common.csproj", "{F843DAFA-A02B-4B63-8985-6890E513312E}"
EndProject
Project("{9A19103F-16F7-4668-BE54-9A1E7A4F7556}") = "Microsoft.Psi.Data", "Sources\Data\Microsoft.Psi.Data\Microsoft.Psi.Data.csproj", "{D9EB512A-9F4F-4D46-86F1-57065CCC933D}"
EndProject
Project("{9A19103F-16F7-4668-BE54-9A1E7A4F7556}") = "Test.Psi.Data", "Sources\Data\Test.Psi.Data\Test.Psi.Data.csproj", "{91184A9B-5AB9-4715-B853-8E95E5065AA3}"
EndProject
Project("{9A19103F-16F7-4668-BE54-9A1E7A4F7556}") = "Test.Psi.Kinect.Windows.x64", "Sources\Kinect\Test.Psi.Kinect.Windows.x64\Test.Psi.Kinect.Windows.x64.csproj", "{3A3F1C2C-A805-4EA2-B5AE-80371B565A15}"
EndProject
Project("{2150E333-8FDC-42A3-9474-1A3956D46DE8}") = "Calibration", "Calibration", "{DF620739-6A2F-49F0-A732-6575879F1D86}"
EndProject
Project("{9A19103F-16F7-4668-BE54-9A1E7A4F7556}") = "Microsoft.Psi.Calibration", "Sources\Calibration\Microsoft.Psi.Calibration\Microsoft.Psi.Calibration.csproj", "{84CE1FE5-8141-4C2A-AC30-21BDC87F5D0A}"
EndProject
Project("{8BC9CEB8-8B4A-11D0-8D11-00A0C91BC942}") = "Microsoft.Psi.Media_Interop.Windows.x64", "Sources\Media\Microsoft.Psi.Media_Interop.Windows.x64\Microsoft.Psi.Media_Interop.Windows.x64.vcxproj", "{5348A94F-7B3A-4B42-8555-2A1491971090}"
EndProject
Project("{9A19103F-16F7-4668-BE54-9A1E7A4F7556}") = "Microsoft.Psi.Media.Windows.x64", "Sources\Media\Microsoft.Psi.Media.Windows.x64\Microsoft.Psi.Media.Windows.x64.csproj", "{16B58AE0-0E00-46FB-B114-72600DF6A78A}"
EndProject
Project("{9A19103F-16F7-4668-BE54-9A1E7A4F7556}") = "Microsoft.Psi.Imaging.Windows", "Sources\Imaging\Microsoft.Psi.Imaging.Windows\Microsoft.Psi.Imaging.Windows.csproj", "{02A92F0E-98F1-4B42-883A-761272BAC185}"
EndProject
Project("{9A19103F-16F7-4668-BE54-9A1E7A4F7556}") = "Microsoft.Psi.Media.Linux", "Sources\Media\Microsoft.Psi.Media.Linux\Microsoft.Psi.Media.Linux.csproj", "{808E6F51-9810-4461-AF4E-EF42EE47C806}"
EndProject
Project("{2150E333-8FDC-42A3-9474-1A3956D46DE8}") = "Integrations", "Integrations", "{916962DE-E7D5-4FBB-8B62-42872488ED9E}"
EndProject
Project("{2150E333-8FDC-42A3-9474-1A3956D46DE8}") = "ROS", "ROS", "{FAEDAFC0-CAB3-4877-8AE4-CDDB2CEEB8F5}"
EndProject
Project("{2150E333-8FDC-42A3-9474-1A3956D46DE8}") = "CognitiveServices", "CognitiveServices", "{05481E26-A4CA-4F7D-B6FC-671A8AAC18B1}"
EndProject
Project("{9A19103F-16F7-4668-BE54-9A1E7A4F7556}") = "Microsoft.Psi.CognitiveServices.Language", "Sources\Integrations\CognitiveServices\Microsoft.Psi.CognitiveServices.Language\Microsoft.Psi.CognitiveServices.Language.csproj", "{7F967CC6-905A-4198-A667-F9953C8A2139}"
EndProject
Project("{9A19103F-16F7-4668-BE54-9A1E7A4F7556}") = "Microsoft.Psi.CognitiveServices.Speech", "Sources\Integrations\CognitiveServices\Microsoft.Psi.CognitiveServices.Speech\Microsoft.Psi.CognitiveServices.Speech.csproj", "{CFB5E6D3-C2FD-4D46-B8AC-7E39634E2CA9}"
EndProject
Project("{9A19103F-16F7-4668-BE54-9A1E7A4F7556}") = "Microsoft.Psi.CognitiveServices.Vision", "Sources\Integrations\CognitiveServices\Microsoft.Psi.CognitiveServices.Vision\Microsoft.Psi.CognitiveServices.Vision.csproj", "{334726D9-6524-4318-82F1-4B72A1027E6E}"
EndProject
Project("{9A19103F-16F7-4668-BE54-9A1E7A4F7556}") = "Test.Psi.CognitiveServices.Vision.Windows", "Sources\Integrations\CognitiveServices\Test.Psi.CognitiveServices.Vision.Windows\Test.Psi.CognitiveServices.Vision.Windows.csproj", "{2AE339CD-1D81-46F4-AA19-703EB0CF86FB}"
EndProject
Project("{6EC3EE1D-3C4E-46DD-8F32-0CC8E7565705}") = "Microsoft.Psi.ROS", "Sources\Integrations\ROS\Microsoft.Psi.ROS\Microsoft.Psi.ROS.fsproj", "{BE4A63D6-8153-458C-AC0E-744C320AA521}"
EndProject
Project("{9A19103F-16F7-4668-BE54-9A1E7A4F7556}") = "Microsoft.Psi.Audio.Linux", "Sources\Audio\Microsoft.Psi.Audio.Linux\Microsoft.Psi.Audio.Linux.csproj", "{E2810FAA-8EB3-4B3B-8667-C3C586137D28}"
EndProject
Project("{9A19103F-16F7-4668-BE54-9A1E7A4F7556}") = "Test.Psi.CognitiveServices.Speech", "Sources\Integrations\CognitiveServices\Test.Psi.CognitiveServices.Speech\Test.Psi.CognitiveServices.Speech.csproj", "{C8E18D2B-A445-42C4-B6C6-D6CAC51065DC}"
EndProject
Project("{9A19103F-16F7-4668-BE54-9A1E7A4F7556}") = "Test.Psi.CognitiveServices.Language", "Sources\Integrations\CognitiveServices\Test.Psi.CognitiveServices.Language\Test.Psi.CognitiveServices.Language.csproj", "{C52E282C-FA0A-4847-8D28-E9C4FDD8B729}"
EndProject
Project("{2150E333-8FDC-42A3-9474-1A3956D46DE8}") = "Visualization", "Visualization", "{2CA9B0AD-E127-47A6-AF23-D567C64FBA79}"
EndProject
Project("{2150E333-8FDC-42A3-9474-1A3956D46DE8}") = "Tools", "Tools", "{8FEFAB80-0A89-4109-9104-5E937315C913}"
EndProject
Project("{2150E333-8FDC-42A3-9474-1A3956D46DE8}") = "PsiStudio", "PsiStudio", "{0E72598E-2A93-4439-B732-8763CD99F2C3}"
EndProject
Project("{9A19103F-16F7-4668-BE54-9A1E7A4F7556}") = "Microsoft.Psi.PsiStudio", "Sources\Tools\PsiStudio\Microsoft.Psi.PsiStudio\Microsoft.Psi.PsiStudio.csproj", "{C72AED47-F5FF-4B7B-BD11-62149542FB22}"
EndProject
Project("{9A19103F-16F7-4668-BE54-9A1E7A4F7556}") = "Test.Psi.PsiStudio", "Sources\Tools\PsiStudio\Test.Psi.PsiStudio\Test.Psi.PsiStudio.csproj", "{5600A9AF-934C-4225-B05D-F11DBC29E0FF}"
EndProject
Project("{9A19103F-16F7-4668-BE54-9A1E7A4F7556}") = "Microsoft.Psi.Visualization.Windows", "Sources\Visualization\Microsoft.Psi.Visualization.Windows\Microsoft.Psi.Visualization.Windows.csproj", "{D69636BA-CCE9-4A85-845E-A378A2B03D62}"
EndProject
Project("{9A19103F-16F7-4668-BE54-9A1E7A4F7556}") = "Microsoft.Psi.Windows", "Sources\Runtime\Microsoft.Psi.Windows\Microsoft.Psi.Windows.csproj", "{B7C52FC7-9678-442B-9B1E-F19F09B05606}"
EndProject
Project("{FAE04EC0-301F-11D3-BF4B-00C04F79EFBC}") = "Test.Psi.Visualization", "Sources\Visualization\Test.Psi.Visualization\Test.Psi.Visualization.csproj", "{3F40EF71-126D-4D2B-84DB-37A574091B13}"
EndProject
Project("{2150E333-8FDC-42A3-9474-1A3956D46DE8}") = "MicrosoftSpeech", "MicrosoftSpeech", "{F4700C50-5E28-41BC-8D0E-7443B190C42C}"
EndProject
Project("{9A19103F-16F7-4668-BE54-9A1E7A4F7556}") = "Microsoft.Psi.MicrosoftSpeech.Windows", "Sources\Integrations\MicrosoftSpeech\Microsoft.Psi.MicrosoftSpeech.Windows\Microsoft.Psi.MicrosoftSpeech.Windows.csproj", "{E5E19772-C7DF-4586-AE35-3585AE28DBEB}"
EndProject
Project("{9A19103F-16F7-4668-BE54-9A1E7A4F7556}") = "Microsoft.Psi.Imaging.Linux", "Sources\Imaging\Microsoft.Psi.Imaging.Linux\Microsoft.Psi.Imaging.Linux.csproj", "{B9F00634-88A1-40EF-9DAD-814A307AD81F}"
EndProject
Project("{9A19103F-16F7-4668-BE54-9A1E7A4F7556}") = "Test.Psi.Windows", "Sources\Runtime\Test.Psi.Windows\Test.Psi.Windows.csproj", "{BE194924-7162-405D-BF6E-E6086BAA12F1}"
	ProjectSection(ProjectDependencies) = postProject
		{2CC39BCB-7798-474C-AC97-1C5F664101E2} = {2CC39BCB-7798-474C-AC97-1C5F664101E2}
	EndProjectSection
EndProject
Project("{9A19103F-16F7-4668-BE54-9A1E7A4F7556}") = "Microsoft.Psi.Kinect.Face.Windows.x64", "Sources\Kinect\Microsoft.Psi.Kinect.Face.Windows.x64\Microsoft.Psi.Kinect.Face.Windows.x64.csproj", "{4478A162-4FE9-4737-A630-3899DC5935C6}"
EndProject
Project("{2150E333-8FDC-42A3-9474-1A3956D46DE8}") = "Build", "Build", "{4026C2BE-0D2C-421F-B35A-1C34A95EEC43}"
	ProjectSection(SolutionItems) = preProject
		Build\ApplyVersionToAssemblies.ps1 = Build\ApplyVersionToAssemblies.ps1
		Build\customdoxygen.css = Build\customdoxygen.css
		Build\doxygen.config = Build\doxygen.config
		Build\DoxygenLayout.xml = Build\DoxygenLayout.xml
		Build\footer.html = Build\footer.html
		Build\header.html = Build\header.html
		Build\Microsoft.Psi.ruleset = Build\Microsoft.Psi.ruleset
		Build\MSLogoGreySmall.png = Build\MSLogoGreySmall.png
		Build\RunDoxygen.ps1 = Build\RunDoxygen.ps1
		Build\Sample.Psi.ruleset = Build\Sample.Psi.ruleset
		Build\Security.ruleset = Build\Security.ruleset
		Build\Test.Psi.ruleset = Build\Test.Psi.ruleset
	EndProjectSection
EndProject
Project("{2150E333-8FDC-42A3-9474-1A3956D46DE8}") = "RealSense", "RealSense", "{64BBFFEA-7CFB-49F9-AC74-3AD1D13245FC}"
EndProject
Project("{FAE04EC0-301F-11D3-BF4B-00C04F79EFBC}") = "Microsoft.Psi.RealSense.Windows.x64", "Sources\RealSense\Microsoft.Psi.RealSense.Windows.x64\Microsoft.Psi.RealSense.Windows.x64.csproj", "{7B73D864-9997-4637-8765-44C17FD09CE1}"
EndProject
Project("{8BC9CEB8-8B4A-11D0-8D11-00A0C91BC942}") = "Microsoft.Psi.RealSense_Interop.Windows.x64", "Sources\RealSense\Microsoft.Psi.RealSense_Interop.Windows.x64\Microsoft.Psi.RealSense_Interop.Windows.x64.vcxproj", "{DAB8847B-DE0A-45E2-A7DA-30432A36525B}"
EndProject
Project("{9A19103F-16F7-4668-BE54-9A1E7A4F7556}") = "Microsoft.Psi.Interop", "Sources\Runtime\Microsoft.Psi.Interop\Microsoft.Psi.Interop.csproj", "{825B11E7-9BF3-43B7-9BCE-4309EE404AEE}"
EndProject
Project("{9A19103F-16F7-4668-BE54-9A1E7A4F7556}") = "PsiStoreTool", "Sources\Tools\PsiStoreTool\PsiStoreTool.csproj", "{896CE6A5-59AA-4F7B-90EB-562F47D3C49E}"
EndProject
Project("{9A19103F-16F7-4668-BE54-9A1E7A4F7556}") = "Microsoft.Psi.CognitiveServices.Language.Windows", "Sources\Integrations\CognitiveServices\Microsoft.Psi.CognitiveServices.Language.Windows\Microsoft.Psi.CognitiveServices.Language.Windows.csproj", "{FE571017-BC81-4B70-A876-58A52CAB40B4}"
EndProject
Project("{9A19103F-16F7-4668-BE54-9A1E7A4F7556}") = "Microsoft.Msagl.WpfGraphControl", "Sources\Visualization\Microsoft.Msagl.WpfGraphControl\Microsoft.Msagl.WpfGraphControl.csproj", "{F1D041E0-DDB2-41B8-97EE-5539B10D91BE}"
EndProject
Project("{2150E333-8FDC-42A3-9474-1A3956D46DE8}") = "Devices", "Devices", "{8AEFDD4F-CF2E-4392-AF46-378DE96126A5}"
EndProject
Project("{9A19103F-16F7-4668-BE54-9A1E7A4F7556}") = "Microsoft.Psi.DeviceManagement", "Sources\Devices\Microsoft.Psi.DeviceManagement\Microsoft.Psi.DeviceManagement.csproj", "{6B572F54-0E2F-4223-8283-14B3BAB7534A}"
EndProject
Project("{9A19103F-16F7-4668-BE54-9A1E7A4F7556}") = "Microsoft.Psi.CognitiveServices.Face", "Sources\Integrations\CognitiveServices\Microsoft.Psi.CognitiveServices.Face\Microsoft.Psi.CognitiveServices.Face.csproj", "{084FB05C-4022-40FD-B00B-E3229B882F08}"
EndProject
Project("{9A19103F-16F7-4668-BE54-9A1E7A4F7556}") = "Microsoft.Psi.AzureKinect.Visualization.Windows.x64", "Sources\Kinect\Microsoft.Psi.AzureKinect.Visualization\Microsoft.Psi.AzureKinect.Visualization.Windows.x64.csproj", "{8D33307F-0E96-491A-9D31-9025709310F6}"
EndProject
Project("{9A19103F-16F7-4668-BE54-9A1E7A4F7556}") = "Microsoft.Psi.AzureKinect.x64", "Sources\Kinect\Microsoft.Psi.AzureKinect.x64\Microsoft.Psi.AzureKinect.x64.csproj", "{C91D0412-1BB2-40D2-8DCA-A48B6C5B7E67}"
EndProject
Project("{9A19103F-16F7-4668-BE54-9A1E7A4F7556}") = "Microsoft.Psi.Kinect.Visualization.Windows", "Sources\Kinect\Microsoft.Psi.Kinect.Visualization.Windows\Microsoft.Psi.Kinect.Visualization.Windows.csproj", "{F31606FF-3737-45DC-8E89-6256AACD841F}"
EndProject
Project("{9A19103F-16F7-4668-BE54-9A1E7A4F7556}") = "Microsoft.Psi.LiveCharts.Visualization.Windows", "Sources\Visualization\Microsoft.Psi.LiveCharts.Visualization.Windows\Microsoft.Psi.LiveCharts.Visualization.Windows.csproj", "{5AC206E0-6B2E-4DBC-9B8A-74A47C907C6A}"
EndProject
Project("{2150E333-8FDC-42A3-9474-1A3956D46DE8}") = "Onnx", "Onnx", "{EE4035A8-CEFE-4E3A-9CD9-4AE7E88DA2C4}"
EndProject
Project("{9A19103F-16F7-4668-BE54-9A1E7A4F7556}") = "Microsoft.Psi.Onnx.Cpu", "Sources\Integrations\Onnx\Microsoft.Psi.Onnx.Cpu\Microsoft.Psi.Onnx.Cpu.csproj", "{D18F494B-3639-4094-BD5E-BE8D81D5CD39}"
EndProject
Project("{9A19103F-16F7-4668-BE54-9A1E7A4F7556}") = "Microsoft.Psi.Onnx.Gpu", "Sources\Integrations\Onnx\Microsoft.Psi.Onnx.Gpu\Microsoft.Psi.Onnx.Gpu.csproj", "{CAE417E8-0E2D-499D-B11D-78A95155AF8A}"
EndProject
Project("{9A19103F-16F7-4668-BE54-9A1E7A4F7556}") = "Microsoft.Psi.Onnx.ModelRunners.Cpu", "Sources\Integrations\Onnx\Microsoft.Psi.Onnx.ModelRunners.Cpu\Microsoft.Psi.Onnx.ModelRunners.Cpu.csproj", "{D649D56B-777C-4246-8D59-C32749D94D39}"
EndProject
Project("{9A19103F-16F7-4668-BE54-9A1E7A4F7556}") = "Microsoft.Psi.Onnx.ModelRunners.Gpu", "Sources\Integrations\Onnx\Microsoft.Psi.Onnx.ModelRunners.Gpu\Microsoft.Psi.Onnx.ModelRunners.Gpu.csproj", "{8B4F93E0-86D7-474C-8DD5-14E0AAD8BF91}"
EndProject
Project("{9A19103F-16F7-4668-BE54-9A1E7A4F7556}") = "Test.Psi.Onnx", "Sources\Integrations\Onnx\Test.Psi.Onnx\Test.Psi.Onnx.csproj", "{A0677BEA-ADB1-4950-89E6-89483D621A52}"
EndProject
Project("{2150E333-8FDC-42A3-9474-1A3956D46DE8}") = "Filters", "Filters", "{E0E7957E-731F-4FDD-83FE-634FFE24862F}"
EndProject
Project("{9A19103F-16F7-4668-BE54-9A1E7A4F7556}") = "Microsoft.Psi.Filters", "Sources\Filters\Microsoft.Psi.Filters\Microsoft.Psi.Filters.csproj", "{E0621435-AF35-4CFA-BE9E-3781AF6E161F}"
EndProject
Project("{2150E333-8FDC-42A3-9474-1A3956D46DE8}") = "Spatial", "Spatial", "{F36DEF23-4FFF-4237-9104-03CF19036C70}"
EndProject
Project("{9A19103F-16F7-4668-BE54-9A1E7A4F7556}") = "Microsoft.Psi.Spatial.Euclidean", "Sources\Spatial\Microsoft.Psi.Spatial.Euclidean\Microsoft.Psi.Spatial.Euclidean.csproj", "{C3114338-AD22-4EBC-85C3-EE06045CDD78}"
EndProject
Project("{9A19103F-16F7-4668-BE54-9A1E7A4F7556}") = "Microsoft.Psi.Spatial.Euclidean.Visualization.Windows", "Sources\Spatial\Microsoft.Psi.Spatial.Euclidean.Visualization.Windows\Microsoft.Psi.Spatial.Euclidean.Visualization.Windows.csproj", "{A1429F96-C7F8-49D8-ADB8-73A1A4DAA70F}"
EndProject
Project("{2150E333-8FDC-42A3-9474-1A3956D46DE8}") = "MixedReality", "MixedReality", "{32023088-0392-4B48-B2CF-3754B55C6DE9}"
EndProject
Project("{8BC9CEB8-8B4A-11D0-8D11-00A0C91BC942}") = "HoloLens2ResearchMode", "Sources\MixedReality\HoloLens2ResearchMode\HoloLens2ResearchMode.vcxproj", "{F50194C0-9561-40C7-B9CB-B977E3B3D76D}"
EndProject
Project("{9A19103F-16F7-4668-BE54-9A1E7A4F7556}") = "Microsoft.Psi.MixedReality", "Sources\MixedReality\Microsoft.Psi.MixedReality\Microsoft.Psi.MixedReality.csproj", "{3434D5B2-B06F-4356-9E9B-90171CEF482B}"
EndProject
Project("{FAE04EC0-301F-11D3-BF4B-00C04F79EFBC}") = "Microsoft.Psi.MixedReality.UniversalWindows", "Sources\MixedReality\Microsoft.Psi.MixedReality.UniversalWindows\Microsoft.Psi.MixedReality.UniversalWindows.csproj", "{ECD9E150-8104-4DA3-B807-A6A4392A67C6}"
EndProject
Project("{9A19103F-16F7-4668-BE54-9A1E7A4F7556}") = "Microsoft.Psi.MixedReality.Visualization.Windows", "Sources\MixedReality\Microsoft.Psi.MixedReality.Visualization.Windows\Microsoft.Psi.MixedReality.Visualization.Windows.csproj", "{BE95524A-F9C2-4D0D-8F7E-1C7019B5A114}"
EndProject
Project("{9A19103F-16F7-4668-BE54-9A1E7A4F7556}") = "Microsoft.Psi.Onnx.Visualization.Windows", "Sources\Integrations\Onnx\Microsoft.Psi.Onnx.Visualization.Windows\Microsoft.Psi.Onnx.Visualization.Windows.csproj", "{74504D41-B716-4B0B-B265-ED2A91A2A5C2}"
EndProject
Project("{2150E333-8FDC-42A3-9474-1A3956D46DE8}") = "HoloLensCapture", "HoloLensCapture", "{49072585-8CC1-43A5-BE0D-ABCE888BC5D1}"
	ProjectSection(SolutionItems) = preProject
		Sources\MixedReality\HoloLensCapture\Readme.md = Sources\MixedReality\HoloLensCapture\Readme.md
	EndProjectSection
EndProject
Project("{FAE04EC0-301F-11D3-BF4B-00C04F79EFBC}") = "HoloLensCaptureApp", "Sources\MixedReality\HoloLensCapture\HoloLensCaptureApp\HoloLensCaptureApp.csproj", "{D318834B-5A27-4EAC-B17D-A9BD7A2DCA0D}"
EndProject
Project("{9A19103F-16F7-4668-BE54-9A1E7A4F7556}") = "HoloLensCaptureServer", "Sources\MixedReality\HoloLensCapture\HoloLensCaptureServer\HoloLensCaptureServer.csproj", "{272CEB19-2B5A-49BC-B8EA-CBC79AA87C37}"
EndProject
Project("{9A19103F-16F7-4668-BE54-9A1E7A4F7556}") = "HoloLensCaptureExporter", "Sources\MixedReality\HoloLensCapture\HoloLensCaptureExporter\HoloLensCaptureExporter.csproj", "{1C844B9E-A51C-483C-A045-7AB8F2012581}"
EndProject
Project("{9A19103F-16F7-4668-BE54-9A1E7A4F7556}") = "HoloLensCaptureInterop", "Sources\MixedReality\HoloLensCapture\HoloLensCaptureInterop\HoloLensCaptureInterop.csproj", "{76E38559-0AF2-4AE3-BCE8-8653277A5B07}"
EndProject
Project("{9A19103F-16F7-4668-BE54-9A1E7A4F7556}") = "Test.Psi.Calibration", "Sources\Calibration\Test.Psi.Calibration\Test.Psi.Calibration.csproj", "{41FBDC53-3167-4DEA-8B87-CFCCAFBCE7DD}"
EndProject
Global
	GlobalSection(SolutionConfigurationPlatforms) = preSolution
		Debug|Any CPU = Debug|Any CPU
		Release|Any CPU = Release|Any CPU
	EndGlobalSection
	GlobalSection(ProjectConfigurationPlatforms) = postSolution
		{04147400-0AB0-4F07-9975-D4B7E58150DB}.Debug|Any CPU.ActiveCfg = Debug|Any CPU
		{04147400-0AB0-4F07-9975-D4B7E58150DB}.Debug|Any CPU.Build.0 = Debug|Any CPU
		{04147400-0AB0-4F07-9975-D4B7E58150DB}.Release|Any CPU.ActiveCfg = Release|Any CPU
		{04147400-0AB0-4F07-9975-D4B7E58150DB}.Release|Any CPU.Build.0 = Release|Any CPU
		{2CC39BCB-7798-474C-AC97-1C5F664101E2}.Debug|Any CPU.ActiveCfg = Debug|Any CPU
		{2CC39BCB-7798-474C-AC97-1C5F664101E2}.Debug|Any CPU.Build.0 = Debug|Any CPU
		{2CC39BCB-7798-474C-AC97-1C5F664101E2}.Release|Any CPU.ActiveCfg = Release|Any CPU
		{2CC39BCB-7798-474C-AC97-1C5F664101E2}.Release|Any CPU.Build.0 = Release|Any CPU
		{855FD8BE-6938-4784-B1EE-D90A8B5B2496}.Debug|Any CPU.ActiveCfg = Debug|Any CPU
		{855FD8BE-6938-4784-B1EE-D90A8B5B2496}.Debug|Any CPU.Build.0 = Debug|Any CPU
		{855FD8BE-6938-4784-B1EE-D90A8B5B2496}.Release|Any CPU.ActiveCfg = Release|Any CPU
		{855FD8BE-6938-4784-B1EE-D90A8B5B2496}.Release|Any CPU.Build.0 = Release|Any CPU
		{9BF2E5EF-186A-4179-B753-AE11EE90E026}.Debug|Any CPU.ActiveCfg = Debug|Any CPU
		{9BF2E5EF-186A-4179-B753-AE11EE90E026}.Debug|Any CPU.Build.0 = Debug|Any CPU
		{9BF2E5EF-186A-4179-B753-AE11EE90E026}.Release|Any CPU.ActiveCfg = Release|Any CPU
		{9BF2E5EF-186A-4179-B753-AE11EE90E026}.Release|Any CPU.Build.0 = Release|Any CPU
		{AC5745DA-570C-4E57-9AE4-D1974F629428}.Debug|Any CPU.ActiveCfg = Debug|Any CPU
		{AC5745DA-570C-4E57-9AE4-D1974F629428}.Debug|Any CPU.Build.0 = Debug|Any CPU
		{AC5745DA-570C-4E57-9AE4-D1974F629428}.Release|Any CPU.ActiveCfg = Release|Any CPU
		{AC5745DA-570C-4E57-9AE4-D1974F629428}.Release|Any CPU.Build.0 = Release|Any CPU
		{C048E3FB-CDC4-4577-A40E-8C9B1B7CEDF1}.Debug|Any CPU.ActiveCfg = Debug|Any CPU
		{C048E3FB-CDC4-4577-A40E-8C9B1B7CEDF1}.Debug|Any CPU.Build.0 = Debug|Any CPU
		{C048E3FB-CDC4-4577-A40E-8C9B1B7CEDF1}.Release|Any CPU.ActiveCfg = Release|Any CPU
		{C048E3FB-CDC4-4577-A40E-8C9B1B7CEDF1}.Release|Any CPU.Build.0 = Release|Any CPU
		{80C75A20-920A-4B30-B05E-970BE844456A}.Debug|Any CPU.ActiveCfg = Debug|Any CPU
		{80C75A20-920A-4B30-B05E-970BE844456A}.Debug|Any CPU.Build.0 = Debug|Any CPU
		{80C75A20-920A-4B30-B05E-970BE844456A}.Release|Any CPU.ActiveCfg = Release|Any CPU
		{80C75A20-920A-4B30-B05E-970BE844456A}.Release|Any CPU.Build.0 = Release|Any CPU
		{3FB6CD31-0941-4372-9BDB-9E6830385DD4}.Debug|Any CPU.ActiveCfg = Debug|Any CPU
		{3FB6CD31-0941-4372-9BDB-9E6830385DD4}.Debug|Any CPU.Build.0 = Debug|Any CPU
		{3FB6CD31-0941-4372-9BDB-9E6830385DD4}.Release|Any CPU.ActiveCfg = Release|Any CPU
		{3FB6CD31-0941-4372-9BDB-9E6830385DD4}.Release|Any CPU.Build.0 = Release|Any CPU
		{8AC7DE3C-DF3C-44A8-9E69-E1F21BF3E564}.Debug|Any CPU.ActiveCfg = Debug|Any CPU
		{8AC7DE3C-DF3C-44A8-9E69-E1F21BF3E564}.Debug|Any CPU.Build.0 = Debug|Any CPU
		{8AC7DE3C-DF3C-44A8-9E69-E1F21BF3E564}.Release|Any CPU.ActiveCfg = Release|Any CPU
		{8AC7DE3C-DF3C-44A8-9E69-E1F21BF3E564}.Release|Any CPU.Build.0 = Release|Any CPU
		{FFFD905A-1672-4920-B790-EEA6A961383C}.Debug|Any CPU.ActiveCfg = Debug|Any CPU
		{FFFD905A-1672-4920-B790-EEA6A961383C}.Debug|Any CPU.Build.0 = Debug|Any CPU
		{FFFD905A-1672-4920-B790-EEA6A961383C}.Release|Any CPU.ActiveCfg = Release|Any CPU
		{FFFD905A-1672-4920-B790-EEA6A961383C}.Release|Any CPU.Build.0 = Release|Any CPU
		{7D481D0D-75C2-4E9F-9FE3-43EB63403F2B}.Debug|Any CPU.ActiveCfg = Debug|Any CPU
		{7D481D0D-75C2-4E9F-9FE3-43EB63403F2B}.Debug|Any CPU.Build.0 = Debug|Any CPU
		{7D481D0D-75C2-4E9F-9FE3-43EB63403F2B}.Release|Any CPU.ActiveCfg = Release|Any CPU
		{7D481D0D-75C2-4E9F-9FE3-43EB63403F2B}.Release|Any CPU.Build.0 = Release|Any CPU
		{191DF615-3D8F-45A3-B763-DD4A604A712A}.Debug|Any CPU.ActiveCfg = Debug|Any CPU
		{191DF615-3D8F-45A3-B763-DD4A604A712A}.Debug|Any CPU.Build.0 = Debug|Any CPU
		{191DF615-3D8F-45A3-B763-DD4A604A712A}.Release|Any CPU.ActiveCfg = Release|Any CPU
		{191DF615-3D8F-45A3-B763-DD4A604A712A}.Release|Any CPU.Build.0 = Release|Any CPU
		{57B57050-5044-4EA9-AC08-030F49E69D62}.Debug|Any CPU.ActiveCfg = Debug|Any CPU
		{57B57050-5044-4EA9-AC08-030F49E69D62}.Debug|Any CPU.Build.0 = Debug|Any CPU
		{57B57050-5044-4EA9-AC08-030F49E69D62}.Release|Any CPU.ActiveCfg = Release|Any CPU
		{57B57050-5044-4EA9-AC08-030F49E69D62}.Release|Any CPU.Build.0 = Release|Any CPU
		{F843DAFA-A02B-4B63-8985-6890E513312E}.Debug|Any CPU.ActiveCfg = Debug|Any CPU
		{F843DAFA-A02B-4B63-8985-6890E513312E}.Debug|Any CPU.Build.0 = Debug|Any CPU
		{F843DAFA-A02B-4B63-8985-6890E513312E}.Release|Any CPU.ActiveCfg = Release|Any CPU
		{F843DAFA-A02B-4B63-8985-6890E513312E}.Release|Any CPU.Build.0 = Release|Any CPU
		{D9EB512A-9F4F-4D46-86F1-57065CCC933D}.Debug|Any CPU.ActiveCfg = Debug|Any CPU
		{D9EB512A-9F4F-4D46-86F1-57065CCC933D}.Debug|Any CPU.Build.0 = Debug|Any CPU
		{D9EB512A-9F4F-4D46-86F1-57065CCC933D}.Release|Any CPU.ActiveCfg = Release|Any CPU
		{D9EB512A-9F4F-4D46-86F1-57065CCC933D}.Release|Any CPU.Build.0 = Release|Any CPU
		{91184A9B-5AB9-4715-B853-8E95E5065AA3}.Debug|Any CPU.ActiveCfg = Debug|Any CPU
		{91184A9B-5AB9-4715-B853-8E95E5065AA3}.Debug|Any CPU.Build.0 = Debug|Any CPU
		{91184A9B-5AB9-4715-B853-8E95E5065AA3}.Release|Any CPU.ActiveCfg = Release|Any CPU
		{91184A9B-5AB9-4715-B853-8E95E5065AA3}.Release|Any CPU.Build.0 = Release|Any CPU
		{3A3F1C2C-A805-4EA2-B5AE-80371B565A15}.Debug|Any CPU.ActiveCfg = Debug|Any CPU
		{3A3F1C2C-A805-4EA2-B5AE-80371B565A15}.Debug|Any CPU.Build.0 = Debug|Any CPU
		{3A3F1C2C-A805-4EA2-B5AE-80371B565A15}.Release|Any CPU.ActiveCfg = Release|Any CPU
		{3A3F1C2C-A805-4EA2-B5AE-80371B565A15}.Release|Any CPU.Build.0 = Release|Any CPU
		{84CE1FE5-8141-4C2A-AC30-21BDC87F5D0A}.Debug|Any CPU.ActiveCfg = Debug|Any CPU
		{84CE1FE5-8141-4C2A-AC30-21BDC87F5D0A}.Debug|Any CPU.Build.0 = Debug|Any CPU
		{84CE1FE5-8141-4C2A-AC30-21BDC87F5D0A}.Release|Any CPU.ActiveCfg = Release|Any CPU
		{84CE1FE5-8141-4C2A-AC30-21BDC87F5D0A}.Release|Any CPU.Build.0 = Release|Any CPU
		{5348A94F-7B3A-4B42-8555-2A1491971090}.Debug|Any CPU.ActiveCfg = Debug|x64
		{5348A94F-7B3A-4B42-8555-2A1491971090}.Debug|Any CPU.Build.0 = Debug|x64
		{5348A94F-7B3A-4B42-8555-2A1491971090}.Release|Any CPU.ActiveCfg = Release|x64
		{5348A94F-7B3A-4B42-8555-2A1491971090}.Release|Any CPU.Build.0 = Release|x64
		{16B58AE0-0E00-46FB-B114-72600DF6A78A}.Debug|Any CPU.ActiveCfg = Debug|Any CPU
		{16B58AE0-0E00-46FB-B114-72600DF6A78A}.Debug|Any CPU.Build.0 = Debug|Any CPU
		{16B58AE0-0E00-46FB-B114-72600DF6A78A}.Release|Any CPU.ActiveCfg = Release|Any CPU
		{16B58AE0-0E00-46FB-B114-72600DF6A78A}.Release|Any CPU.Build.0 = Release|Any CPU
		{02A92F0E-98F1-4B42-883A-761272BAC185}.Debug|Any CPU.ActiveCfg = Debug|Any CPU
		{02A92F0E-98F1-4B42-883A-761272BAC185}.Debug|Any CPU.Build.0 = Debug|Any CPU
		{02A92F0E-98F1-4B42-883A-761272BAC185}.Release|Any CPU.ActiveCfg = Release|Any CPU
		{02A92F0E-98F1-4B42-883A-761272BAC185}.Release|Any CPU.Build.0 = Release|Any CPU
		{808E6F51-9810-4461-AF4E-EF42EE47C806}.Debug|Any CPU.ActiveCfg = Debug|Any CPU
		{808E6F51-9810-4461-AF4E-EF42EE47C806}.Debug|Any CPU.Build.0 = Debug|Any CPU
		{808E6F51-9810-4461-AF4E-EF42EE47C806}.Release|Any CPU.ActiveCfg = Release|Any CPU
		{808E6F51-9810-4461-AF4E-EF42EE47C806}.Release|Any CPU.Build.0 = Release|Any CPU
		{7F967CC6-905A-4198-A667-F9953C8A2139}.Debug|Any CPU.ActiveCfg = Debug|Any CPU
		{7F967CC6-905A-4198-A667-F9953C8A2139}.Debug|Any CPU.Build.0 = Debug|Any CPU
		{7F967CC6-905A-4198-A667-F9953C8A2139}.Release|Any CPU.ActiveCfg = Release|Any CPU
		{7F967CC6-905A-4198-A667-F9953C8A2139}.Release|Any CPU.Build.0 = Release|Any CPU
		{CFB5E6D3-C2FD-4D46-B8AC-7E39634E2CA9}.Debug|Any CPU.ActiveCfg = Debug|Any CPU
		{CFB5E6D3-C2FD-4D46-B8AC-7E39634E2CA9}.Debug|Any CPU.Build.0 = Debug|Any CPU
		{CFB5E6D3-C2FD-4D46-B8AC-7E39634E2CA9}.Release|Any CPU.ActiveCfg = Release|Any CPU
		{CFB5E6D3-C2FD-4D46-B8AC-7E39634E2CA9}.Release|Any CPU.Build.0 = Release|Any CPU
		{334726D9-6524-4318-82F1-4B72A1027E6E}.Debug|Any CPU.ActiveCfg = Debug|Any CPU
		{334726D9-6524-4318-82F1-4B72A1027E6E}.Debug|Any CPU.Build.0 = Debug|Any CPU
		{334726D9-6524-4318-82F1-4B72A1027E6E}.Release|Any CPU.ActiveCfg = Release|Any CPU
		{334726D9-6524-4318-82F1-4B72A1027E6E}.Release|Any CPU.Build.0 = Release|Any CPU
		{2AE339CD-1D81-46F4-AA19-703EB0CF86FB}.Debug|Any CPU.ActiveCfg = Debug|Any CPU
		{2AE339CD-1D81-46F4-AA19-703EB0CF86FB}.Debug|Any CPU.Build.0 = Debug|Any CPU
		{2AE339CD-1D81-46F4-AA19-703EB0CF86FB}.Release|Any CPU.ActiveCfg = Release|Any CPU
		{2AE339CD-1D81-46F4-AA19-703EB0CF86FB}.Release|Any CPU.Build.0 = Release|Any CPU
		{BE4A63D6-8153-458C-AC0E-744C320AA521}.Debug|Any CPU.ActiveCfg = Debug|Any CPU
		{BE4A63D6-8153-458C-AC0E-744C320AA521}.Debug|Any CPU.Build.0 = Debug|Any CPU
		{BE4A63D6-8153-458C-AC0E-744C320AA521}.Release|Any CPU.ActiveCfg = Release|Any CPU
		{BE4A63D6-8153-458C-AC0E-744C320AA521}.Release|Any CPU.Build.0 = Release|Any CPU
		{E2810FAA-8EB3-4B3B-8667-C3C586137D28}.Debug|Any CPU.ActiveCfg = Debug|Any CPU
		{E2810FAA-8EB3-4B3B-8667-C3C586137D28}.Debug|Any CPU.Build.0 = Debug|Any CPU
		{E2810FAA-8EB3-4B3B-8667-C3C586137D28}.Release|Any CPU.ActiveCfg = Release|Any CPU
		{E2810FAA-8EB3-4B3B-8667-C3C586137D28}.Release|Any CPU.Build.0 = Release|Any CPU
		{C8E18D2B-A445-42C4-B6C6-D6CAC51065DC}.Debug|Any CPU.ActiveCfg = Debug|Any CPU
		{C8E18D2B-A445-42C4-B6C6-D6CAC51065DC}.Debug|Any CPU.Build.0 = Debug|Any CPU
		{C8E18D2B-A445-42C4-B6C6-D6CAC51065DC}.Release|Any CPU.ActiveCfg = Release|Any CPU
		{C8E18D2B-A445-42C4-B6C6-D6CAC51065DC}.Release|Any CPU.Build.0 = Release|Any CPU
		{C52E282C-FA0A-4847-8D28-E9C4FDD8B729}.Debug|Any CPU.ActiveCfg = Debug|Any CPU
		{C52E282C-FA0A-4847-8D28-E9C4FDD8B729}.Debug|Any CPU.Build.0 = Debug|Any CPU
		{C52E282C-FA0A-4847-8D28-E9C4FDD8B729}.Release|Any CPU.ActiveCfg = Release|Any CPU
		{C52E282C-FA0A-4847-8D28-E9C4FDD8B729}.Release|Any CPU.Build.0 = Release|Any CPU
		{C72AED47-F5FF-4B7B-BD11-62149542FB22}.Debug|Any CPU.ActiveCfg = Debug|Any CPU
		{C72AED47-F5FF-4B7B-BD11-62149542FB22}.Debug|Any CPU.Build.0 = Debug|Any CPU
		{C72AED47-F5FF-4B7B-BD11-62149542FB22}.Release|Any CPU.ActiveCfg = Release|Any CPU
		{C72AED47-F5FF-4B7B-BD11-62149542FB22}.Release|Any CPU.Build.0 = Release|Any CPU
		{5600A9AF-934C-4225-B05D-F11DBC29E0FF}.Debug|Any CPU.ActiveCfg = Debug|Any CPU
		{5600A9AF-934C-4225-B05D-F11DBC29E0FF}.Debug|Any CPU.Build.0 = Debug|Any CPU
		{5600A9AF-934C-4225-B05D-F11DBC29E0FF}.Release|Any CPU.ActiveCfg = Release|Any CPU
		{5600A9AF-934C-4225-B05D-F11DBC29E0FF}.Release|Any CPU.Build.0 = Release|Any CPU
		{D69636BA-CCE9-4A85-845E-A378A2B03D62}.Debug|Any CPU.ActiveCfg = Debug|Any CPU
		{D69636BA-CCE9-4A85-845E-A378A2B03D62}.Debug|Any CPU.Build.0 = Debug|Any CPU
		{D69636BA-CCE9-4A85-845E-A378A2B03D62}.Release|Any CPU.ActiveCfg = Release|Any CPU
		{D69636BA-CCE9-4A85-845E-A378A2B03D62}.Release|Any CPU.Build.0 = Release|Any CPU
		{B7C52FC7-9678-442B-9B1E-F19F09B05606}.Debug|Any CPU.ActiveCfg = Debug|Any CPU
		{B7C52FC7-9678-442B-9B1E-F19F09B05606}.Debug|Any CPU.Build.0 = Debug|Any CPU
		{B7C52FC7-9678-442B-9B1E-F19F09B05606}.Release|Any CPU.ActiveCfg = Release|Any CPU
		{B7C52FC7-9678-442B-9B1E-F19F09B05606}.Release|Any CPU.Build.0 = Release|Any CPU
		{3F40EF71-126D-4D2B-84DB-37A574091B13}.Debug|Any CPU.ActiveCfg = Debug|Any CPU
		{3F40EF71-126D-4D2B-84DB-37A574091B13}.Debug|Any CPU.Build.0 = Debug|Any CPU
		{3F40EF71-126D-4D2B-84DB-37A574091B13}.Release|Any CPU.ActiveCfg = Release|Any CPU
		{3F40EF71-126D-4D2B-84DB-37A574091B13}.Release|Any CPU.Build.0 = Release|Any CPU
		{E5E19772-C7DF-4586-AE35-3585AE28DBEB}.Debug|Any CPU.ActiveCfg = Debug|Any CPU
		{E5E19772-C7DF-4586-AE35-3585AE28DBEB}.Debug|Any CPU.Build.0 = Debug|Any CPU
		{E5E19772-C7DF-4586-AE35-3585AE28DBEB}.Release|Any CPU.ActiveCfg = Release|Any CPU
		{E5E19772-C7DF-4586-AE35-3585AE28DBEB}.Release|Any CPU.Build.0 = Release|Any CPU
		{B9F00634-88A1-40EF-9DAD-814A307AD81F}.Debug|Any CPU.ActiveCfg = Debug|Any CPU
		{B9F00634-88A1-40EF-9DAD-814A307AD81F}.Debug|Any CPU.Build.0 = Debug|Any CPU
		{B9F00634-88A1-40EF-9DAD-814A307AD81F}.Release|Any CPU.ActiveCfg = Release|Any CPU
		{B9F00634-88A1-40EF-9DAD-814A307AD81F}.Release|Any CPU.Build.0 = Release|Any CPU
		{BE194924-7162-405D-BF6E-E6086BAA12F1}.Debug|Any CPU.ActiveCfg = Debug|Any CPU
		{BE194924-7162-405D-BF6E-E6086BAA12F1}.Debug|Any CPU.Build.0 = Debug|Any CPU
		{BE194924-7162-405D-BF6E-E6086BAA12F1}.Release|Any CPU.ActiveCfg = Release|Any CPU
		{BE194924-7162-405D-BF6E-E6086BAA12F1}.Release|Any CPU.Build.0 = Release|Any CPU
		{4478A162-4FE9-4737-A630-3899DC5935C6}.Debug|Any CPU.ActiveCfg = Debug|Any CPU
		{4478A162-4FE9-4737-A630-3899DC5935C6}.Debug|Any CPU.Build.0 = Debug|Any CPU
		{4478A162-4FE9-4737-A630-3899DC5935C6}.Release|Any CPU.ActiveCfg = Release|Any CPU
		{4478A162-4FE9-4737-A630-3899DC5935C6}.Release|Any CPU.Build.0 = Release|Any CPU
		{7B73D864-9997-4637-8765-44C17FD09CE1}.Debug|Any CPU.ActiveCfg = Debug|Any CPU
		{7B73D864-9997-4637-8765-44C17FD09CE1}.Debug|Any CPU.Build.0 = Debug|Any CPU
		{7B73D864-9997-4637-8765-44C17FD09CE1}.Release|Any CPU.ActiveCfg = Release|Any CPU
		{7B73D864-9997-4637-8765-44C17FD09CE1}.Release|Any CPU.Build.0 = Release|Any CPU
		{DAB8847B-DE0A-45E2-A7DA-30432A36525B}.Debug|Any CPU.ActiveCfg = Debug|x64
		{DAB8847B-DE0A-45E2-A7DA-30432A36525B}.Debug|Any CPU.Build.0 = Debug|x64
		{DAB8847B-DE0A-45E2-A7DA-30432A36525B}.Release|Any CPU.ActiveCfg = Release|x64
		{DAB8847B-DE0A-45E2-A7DA-30432A36525B}.Release|Any CPU.Build.0 = Release|x64
		{825B11E7-9BF3-43B7-9BCE-4309EE404AEE}.Debug|Any CPU.ActiveCfg = Debug|Any CPU
		{825B11E7-9BF3-43B7-9BCE-4309EE404AEE}.Debug|Any CPU.Build.0 = Debug|Any CPU
		{825B11E7-9BF3-43B7-9BCE-4309EE404AEE}.Release|Any CPU.ActiveCfg = Release|Any CPU
		{825B11E7-9BF3-43B7-9BCE-4309EE404AEE}.Release|Any CPU.Build.0 = Release|Any CPU
		{896CE6A5-59AA-4F7B-90EB-562F47D3C49E}.Debug|Any CPU.ActiveCfg = Debug|Any CPU
		{896CE6A5-59AA-4F7B-90EB-562F47D3C49E}.Debug|Any CPU.Build.0 = Debug|Any CPU
		{896CE6A5-59AA-4F7B-90EB-562F47D3C49E}.Release|Any CPU.ActiveCfg = Release|Any CPU
		{896CE6A5-59AA-4F7B-90EB-562F47D3C49E}.Release|Any CPU.Build.0 = Release|Any CPU
		{FE571017-BC81-4B70-A876-58A52CAB40B4}.Debug|Any CPU.ActiveCfg = Debug|Any CPU
		{FE571017-BC81-4B70-A876-58A52CAB40B4}.Debug|Any CPU.Build.0 = Debug|Any CPU
		{FE571017-BC81-4B70-A876-58A52CAB40B4}.Release|Any CPU.ActiveCfg = Release|Any CPU
		{FE571017-BC81-4B70-A876-58A52CAB40B4}.Release|Any CPU.Build.0 = Release|Any CPU
		{F1D041E0-DDB2-41B8-97EE-5539B10D91BE}.Debug|Any CPU.ActiveCfg = Debug|Any CPU
		{F1D041E0-DDB2-41B8-97EE-5539B10D91BE}.Debug|Any CPU.Build.0 = Debug|Any CPU
		{F1D041E0-DDB2-41B8-97EE-5539B10D91BE}.Release|Any CPU.ActiveCfg = Release|Any CPU
		{F1D041E0-DDB2-41B8-97EE-5539B10D91BE}.Release|Any CPU.Build.0 = Release|Any CPU
		{6B572F54-0E2F-4223-8283-14B3BAB7534A}.Debug|Any CPU.ActiveCfg = Debug|Any CPU
		{6B572F54-0E2F-4223-8283-14B3BAB7534A}.Debug|Any CPU.Build.0 = Debug|Any CPU
		{6B572F54-0E2F-4223-8283-14B3BAB7534A}.Release|Any CPU.ActiveCfg = Release|Any CPU
		{6B572F54-0E2F-4223-8283-14B3BAB7534A}.Release|Any CPU.Build.0 = Release|Any CPU
		{084FB05C-4022-40FD-B00B-E3229B882F08}.Debug|Any CPU.ActiveCfg = Debug|Any CPU
		{084FB05C-4022-40FD-B00B-E3229B882F08}.Debug|Any CPU.Build.0 = Debug|Any CPU
		{084FB05C-4022-40FD-B00B-E3229B882F08}.Release|Any CPU.ActiveCfg = Release|Any CPU
		{084FB05C-4022-40FD-B00B-E3229B882F08}.Release|Any CPU.Build.0 = Release|Any CPU
		{8D33307F-0E96-491A-9D31-9025709310F6}.Debug|Any CPU.ActiveCfg = Debug|Any CPU
		{8D33307F-0E96-491A-9D31-9025709310F6}.Debug|Any CPU.Build.0 = Debug|Any CPU
		{8D33307F-0E96-491A-9D31-9025709310F6}.Release|Any CPU.ActiveCfg = Release|Any CPU
		{8D33307F-0E96-491A-9D31-9025709310F6}.Release|Any CPU.Build.0 = Release|Any CPU
		{C91D0412-1BB2-40D2-8DCA-A48B6C5B7E67}.Debug|Any CPU.ActiveCfg = Debug|x64
		{C91D0412-1BB2-40D2-8DCA-A48B6C5B7E67}.Debug|Any CPU.Build.0 = Debug|x64
		{C91D0412-1BB2-40D2-8DCA-A48B6C5B7E67}.Release|Any CPU.ActiveCfg = Release|x64
		{C91D0412-1BB2-40D2-8DCA-A48B6C5B7E67}.Release|Any CPU.Build.0 = Release|x64
		{F31606FF-3737-45DC-8E89-6256AACD841F}.Debug|Any CPU.ActiveCfg = Debug|Any CPU
		{F31606FF-3737-45DC-8E89-6256AACD841F}.Debug|Any CPU.Build.0 = Debug|Any CPU
		{F31606FF-3737-45DC-8E89-6256AACD841F}.Release|Any CPU.ActiveCfg = Release|Any CPU
		{F31606FF-3737-45DC-8E89-6256AACD841F}.Release|Any CPU.Build.0 = Release|Any CPU
		{5AC206E0-6B2E-4DBC-9B8A-74A47C907C6A}.Debug|Any CPU.ActiveCfg = Debug|Any CPU
		{5AC206E0-6B2E-4DBC-9B8A-74A47C907C6A}.Debug|Any CPU.Build.0 = Debug|Any CPU
		{5AC206E0-6B2E-4DBC-9B8A-74A47C907C6A}.Release|Any CPU.ActiveCfg = Release|Any CPU
		{5AC206E0-6B2E-4DBC-9B8A-74A47C907C6A}.Release|Any CPU.Build.0 = Release|Any CPU
		{D18F494B-3639-4094-BD5E-BE8D81D5CD39}.Debug|Any CPU.ActiveCfg = Debug|Any CPU
		{D18F494B-3639-4094-BD5E-BE8D81D5CD39}.Debug|Any CPU.Build.0 = Debug|Any CPU
		{D18F494B-3639-4094-BD5E-BE8D81D5CD39}.Release|Any CPU.ActiveCfg = Release|Any CPU
		{D18F494B-3639-4094-BD5E-BE8D81D5CD39}.Release|Any CPU.Build.0 = Release|Any CPU
		{CAE417E8-0E2D-499D-B11D-78A95155AF8A}.Debug|Any CPU.ActiveCfg = Debug|Any CPU
		{CAE417E8-0E2D-499D-B11D-78A95155AF8A}.Debug|Any CPU.Build.0 = Debug|Any CPU
		{CAE417E8-0E2D-499D-B11D-78A95155AF8A}.Release|Any CPU.ActiveCfg = Release|Any CPU
		{CAE417E8-0E2D-499D-B11D-78A95155AF8A}.Release|Any CPU.Build.0 = Release|Any CPU
		{D649D56B-777C-4246-8D59-C32749D94D39}.Debug|Any CPU.ActiveCfg = Debug|Any CPU
		{D649D56B-777C-4246-8D59-C32749D94D39}.Debug|Any CPU.Build.0 = Debug|Any CPU
		{D649D56B-777C-4246-8D59-C32749D94D39}.Release|Any CPU.ActiveCfg = Release|Any CPU
		{D649D56B-777C-4246-8D59-C32749D94D39}.Release|Any CPU.Build.0 = Release|Any CPU
		{8B4F93E0-86D7-474C-8DD5-14E0AAD8BF91}.Debug|Any CPU.ActiveCfg = Debug|Any CPU
		{8B4F93E0-86D7-474C-8DD5-14E0AAD8BF91}.Debug|Any CPU.Build.0 = Debug|Any CPU
		{8B4F93E0-86D7-474C-8DD5-14E0AAD8BF91}.Release|Any CPU.ActiveCfg = Release|Any CPU
		{8B4F93E0-86D7-474C-8DD5-14E0AAD8BF91}.Release|Any CPU.Build.0 = Release|Any CPU
		{A0677BEA-ADB1-4950-89E6-89483D621A52}.Debug|Any CPU.ActiveCfg = Debug|Any CPU
		{A0677BEA-ADB1-4950-89E6-89483D621A52}.Debug|Any CPU.Build.0 = Debug|Any CPU
		{A0677BEA-ADB1-4950-89E6-89483D621A52}.Release|Any CPU.ActiveCfg = Release|Any CPU
		{A0677BEA-ADB1-4950-89E6-89483D621A52}.Release|Any CPU.Build.0 = Release|Any CPU
		{E0621435-AF35-4CFA-BE9E-3781AF6E161F}.Debug|Any CPU.ActiveCfg = Debug|Any CPU
		{E0621435-AF35-4CFA-BE9E-3781AF6E161F}.Debug|Any CPU.Build.0 = Debug|Any CPU
		{E0621435-AF35-4CFA-BE9E-3781AF6E161F}.Release|Any CPU.ActiveCfg = Release|Any CPU
		{E0621435-AF35-4CFA-BE9E-3781AF6E161F}.Release|Any CPU.Build.0 = Release|Any CPU
		{C3114338-AD22-4EBC-85C3-EE06045CDD78}.Debug|Any CPU.ActiveCfg = Debug|Any CPU
		{C3114338-AD22-4EBC-85C3-EE06045CDD78}.Debug|Any CPU.Build.0 = Debug|Any CPU
		{C3114338-AD22-4EBC-85C3-EE06045CDD78}.Release|Any CPU.ActiveCfg = Release|Any CPU
		{C3114338-AD22-4EBC-85C3-EE06045CDD78}.Release|Any CPU.Build.0 = Release|Any CPU
		{A1429F96-C7F8-49D8-ADB8-73A1A4DAA70F}.Debug|Any CPU.ActiveCfg = Debug|Any CPU
		{A1429F96-C7F8-49D8-ADB8-73A1A4DAA70F}.Debug|Any CPU.Build.0 = Debug|Any CPU
		{A1429F96-C7F8-49D8-ADB8-73A1A4DAA70F}.Release|Any CPU.ActiveCfg = Release|Any CPU
		{A1429F96-C7F8-49D8-ADB8-73A1A4DAA70F}.Release|Any CPU.Build.0 = Release|Any CPU
		{F50194C0-9561-40C7-B9CB-B977E3B3D76D}.Debug|Any CPU.ActiveCfg = Debug|ARM
		{F50194C0-9561-40C7-B9CB-B977E3B3D76D}.Debug|Any CPU.Build.0 = Debug|ARM
		{F50194C0-9561-40C7-B9CB-B977E3B3D76D}.Release|Any CPU.ActiveCfg = Release|ARM
		{F50194C0-9561-40C7-B9CB-B977E3B3D76D}.Release|Any CPU.Build.0 = Release|ARM
		{3434D5B2-B06F-4356-9E9B-90171CEF482B}.Debug|Any CPU.ActiveCfg = Debug|Any CPU
		{3434D5B2-B06F-4356-9E9B-90171CEF482B}.Debug|Any CPU.Build.0 = Debug|Any CPU
		{3434D5B2-B06F-4356-9E9B-90171CEF482B}.Release|Any CPU.ActiveCfg = Release|Any CPU
		{3434D5B2-B06F-4356-9E9B-90171CEF482B}.Release|Any CPU.Build.0 = Release|Any CPU
		{ECD9E150-8104-4DA3-B807-A6A4392A67C6}.Debug|Any CPU.ActiveCfg = Debug|ARM
		{ECD9E150-8104-4DA3-B807-A6A4392A67C6}.Debug|Any CPU.Build.0 = Debug|ARM
		{ECD9E150-8104-4DA3-B807-A6A4392A67C6}.Release|Any CPU.ActiveCfg = Release|ARM
		{ECD9E150-8104-4DA3-B807-A6A4392A67C6}.Release|Any CPU.Build.0 = Release|ARM
		{BE95524A-F9C2-4D0D-8F7E-1C7019B5A114}.Debug|Any CPU.ActiveCfg = Debug|Any CPU
		{BE95524A-F9C2-4D0D-8F7E-1C7019B5A114}.Debug|Any CPU.Build.0 = Debug|Any CPU
		{BE95524A-F9C2-4D0D-8F7E-1C7019B5A114}.Release|Any CPU.ActiveCfg = Release|Any CPU
		{BE95524A-F9C2-4D0D-8F7E-1C7019B5A114}.Release|Any CPU.Build.0 = Release|Any CPU
		{74504D41-B716-4B0B-B265-ED2A91A2A5C2}.Debug|Any CPU.ActiveCfg = Debug|Any CPU
		{74504D41-B716-4B0B-B265-ED2A91A2A5C2}.Debug|Any CPU.Build.0 = Debug|Any CPU
		{74504D41-B716-4B0B-B265-ED2A91A2A5C2}.Release|Any CPU.ActiveCfg = Release|Any CPU
		{74504D41-B716-4B0B-B265-ED2A91A2A5C2}.Release|Any CPU.Build.0 = Release|Any CPU
		{D318834B-5A27-4EAC-B17D-A9BD7A2DCA0D}.Debug|Any CPU.ActiveCfg = Debug|ARM
		{D318834B-5A27-4EAC-B17D-A9BD7A2DCA0D}.Debug|Any CPU.Build.0 = Debug|ARM
		{D318834B-5A27-4EAC-B17D-A9BD7A2DCA0D}.Debug|Any CPU.Deploy.0 = Debug|ARM
		{D318834B-5A27-4EAC-B17D-A9BD7A2DCA0D}.Release|Any CPU.ActiveCfg = Release|ARM
		{D318834B-5A27-4EAC-B17D-A9BD7A2DCA0D}.Release|Any CPU.Build.0 = Release|ARM
		{D318834B-5A27-4EAC-B17D-A9BD7A2DCA0D}.Release|Any CPU.Deploy.0 = Release|ARM
		{272CEB19-2B5A-49BC-B8EA-CBC79AA87C37}.Debug|Any CPU.ActiveCfg = Debug|Any CPU
		{272CEB19-2B5A-49BC-B8EA-CBC79AA87C37}.Debug|Any CPU.Build.0 = Debug|Any CPU
		{272CEB19-2B5A-49BC-B8EA-CBC79AA87C37}.Release|Any CPU.ActiveCfg = Release|Any CPU
		{272CEB19-2B5A-49BC-B8EA-CBC79AA87C37}.Release|Any CPU.Build.0 = Release|Any CPU
		{1C844B9E-A51C-483C-A045-7AB8F2012581}.Debug|Any CPU.ActiveCfg = Debug|Any CPU
		{1C844B9E-A51C-483C-A045-7AB8F2012581}.Debug|Any CPU.Build.0 = Debug|Any CPU
		{1C844B9E-A51C-483C-A045-7AB8F2012581}.Release|Any CPU.ActiveCfg = Release|Any CPU
		{1C844B9E-A51C-483C-A045-7AB8F2012581}.Release|Any CPU.Build.0 = Release|Any CPU
		{76E38559-0AF2-4AE3-BCE8-8653277A5B07}.Debug|Any CPU.ActiveCfg = Debug|Any CPU
		{76E38559-0AF2-4AE3-BCE8-8653277A5B07}.Debug|Any CPU.Build.0 = Debug|Any CPU
		{76E38559-0AF2-4AE3-BCE8-8653277A5B07}.Release|Any CPU.ActiveCfg = Release|Any CPU
		{76E38559-0AF2-4AE3-BCE8-8653277A5B07}.Release|Any CPU.Build.0 = Release|Any CPU
		{41FBDC53-3167-4DEA-8B87-CFCCAFBCE7DD}.Debug|Any CPU.ActiveCfg = Debug|Any CPU
		{41FBDC53-3167-4DEA-8B87-CFCCAFBCE7DD}.Debug|Any CPU.Build.0 = Debug|Any CPU
		{41FBDC53-3167-4DEA-8B87-CFCCAFBCE7DD}.Release|Any CPU.ActiveCfg = Release|Any CPU
		{41FBDC53-3167-4DEA-8B87-CFCCAFBCE7DD}.Release|Any CPU.Build.0 = Release|Any CPU
	EndGlobalSection
	GlobalSection(SolutionProperties) = preSolution
		HideSolutionNode = FALSE
	EndGlobalSection
	GlobalSection(NestedProjects) = preSolution
		{3F77CC04-2E58-452B-8107-0C93E7944D4E} = {A0856299-D28A-4513-B964-3FA5290FF160}
		{B896CA01-930B-4AC4-951D-560346D735B8} = {A0856299-D28A-4513-B964-3FA5290FF160}
		{BABB7492-D236-4F1E-81C8-AB300CE1AD84} = {A0856299-D28A-4513-B964-3FA5290FF160}
		{04147400-0AB0-4F07-9975-D4B7E58150DB} = {3F77CC04-2E58-452B-8107-0C93E7944D4E}
		{2CC39BCB-7798-474C-AC97-1C5F664101E2} = {3F77CC04-2E58-452B-8107-0C93E7944D4E}
		{CB8286F5-167B-4416-8FE9-9B97FCF146D5} = {A0856299-D28A-4513-B964-3FA5290FF160}
		{855FD8BE-6938-4784-B1EE-D90A8B5B2496} = {CB8286F5-167B-4416-8FE9-9B97FCF146D5}
		{C6976E06-9D12-4398-8096-C23D04E63F61} = {A0856299-D28A-4513-B964-3FA5290FF160}
		{9BF2E5EF-186A-4179-B753-AE11EE90E026} = {C6976E06-9D12-4398-8096-C23D04E63F61}
		{04073AA2-7116-479B-9561-E54C012150AE} = {A0856299-D28A-4513-B964-3FA5290FF160}
		{AC5745DA-570C-4E57-9AE4-D1974F629428} = {04073AA2-7116-479B-9561-E54C012150AE}
		{C048E3FB-CDC4-4577-A40E-8C9B1B7CEDF1} = {BABB7492-D236-4F1E-81C8-AB300CE1AD84}
		{80C75A20-920A-4B30-B05E-970BE844456A} = {04073AA2-7116-479B-9561-E54C012150AE}
		{3FB6CD31-0941-4372-9BDB-9E6830385DD4} = {BABB7492-D236-4F1E-81C8-AB300CE1AD84}
		{8FFE8939-07A7-4D77-8DA8-40FE66D1B9BF} = {A0856299-D28A-4513-B964-3FA5290FF160}
		{8AC7DE3C-DF3C-44A8-9E69-E1F21BF3E564} = {8FFE8939-07A7-4D77-8DA8-40FE66D1B9BF}
		{FFFD905A-1672-4920-B790-EEA6A961383C} = {BABB7492-D236-4F1E-81C8-AB300CE1AD84}
		{7D481D0D-75C2-4E9F-9FE3-43EB63403F2B} = {04073AA2-7116-479B-9561-E54C012150AE}
		{191DF615-3D8F-45A3-B763-DD4A604A712A} = {C6976E06-9D12-4398-8096-C23D04E63F61}
		{B592009C-5137-4D7F-8B50-C7D8500230D6} = {A0856299-D28A-4513-B964-3FA5290FF160}
		{376FE39C-65ED-44BF-8449-B392FE5AF656} = {B592009C-5137-4D7F-8B50-C7D8500230D6}
		{57B57050-5044-4EA9-AC08-030F49E69D62} = {376FE39C-65ED-44BF-8449-B392FE5AF656}
		{AD8FE445-240A-4791-8C64-A5E2D6E67FF9} = {A0856299-D28A-4513-B964-3FA5290FF160}
		{2EA715D8-BF51-43B6-BE0E-0884490D8063} = {A0856299-D28A-4513-B964-3FA5290FF160}
		{F843DAFA-A02B-4B63-8985-6890E513312E} = {2EA715D8-BF51-43B6-BE0E-0884490D8063}
		{D9EB512A-9F4F-4D46-86F1-57065CCC933D} = {B896CA01-930B-4AC4-951D-560346D735B8}
		{91184A9B-5AB9-4715-B853-8E95E5065AA3} = {B896CA01-930B-4AC4-951D-560346D735B8}
		{3A3F1C2C-A805-4EA2-B5AE-80371B565A15} = {CB8286F5-167B-4416-8FE9-9B97FCF146D5}
		{DF620739-6A2F-49F0-A732-6575879F1D86} = {A0856299-D28A-4513-B964-3FA5290FF160}
		{84CE1FE5-8141-4C2A-AC30-21BDC87F5D0A} = {DF620739-6A2F-49F0-A732-6575879F1D86}
		{5348A94F-7B3A-4B42-8555-2A1491971090} = {AD8FE445-240A-4791-8C64-A5E2D6E67FF9}
		{16B58AE0-0E00-46FB-B114-72600DF6A78A} = {AD8FE445-240A-4791-8C64-A5E2D6E67FF9}
		{02A92F0E-98F1-4B42-883A-761272BAC185} = {C6976E06-9D12-4398-8096-C23D04E63F61}
		{808E6F51-9810-4461-AF4E-EF42EE47C806} = {AD8FE445-240A-4791-8C64-A5E2D6E67FF9}
		{916962DE-E7D5-4FBB-8B62-42872488ED9E} = {A0856299-D28A-4513-B964-3FA5290FF160}
		{FAEDAFC0-CAB3-4877-8AE4-CDDB2CEEB8F5} = {916962DE-E7D5-4FBB-8B62-42872488ED9E}
		{05481E26-A4CA-4F7D-B6FC-671A8AAC18B1} = {916962DE-E7D5-4FBB-8B62-42872488ED9E}
		{7F967CC6-905A-4198-A667-F9953C8A2139} = {05481E26-A4CA-4F7D-B6FC-671A8AAC18B1}
		{CFB5E6D3-C2FD-4D46-B8AC-7E39634E2CA9} = {05481E26-A4CA-4F7D-B6FC-671A8AAC18B1}
		{334726D9-6524-4318-82F1-4B72A1027E6E} = {05481E26-A4CA-4F7D-B6FC-671A8AAC18B1}
		{2AE339CD-1D81-46F4-AA19-703EB0CF86FB} = {05481E26-A4CA-4F7D-B6FC-671A8AAC18B1}
		{BE4A63D6-8153-458C-AC0E-744C320AA521} = {FAEDAFC0-CAB3-4877-8AE4-CDDB2CEEB8F5}
		{E2810FAA-8EB3-4B3B-8667-C3C586137D28} = {04073AA2-7116-479B-9561-E54C012150AE}
		{C8E18D2B-A445-42C4-B6C6-D6CAC51065DC} = {05481E26-A4CA-4F7D-B6FC-671A8AAC18B1}
		{C52E282C-FA0A-4847-8D28-E9C4FDD8B729} = {05481E26-A4CA-4F7D-B6FC-671A8AAC18B1}
		{2CA9B0AD-E127-47A6-AF23-D567C64FBA79} = {A0856299-D28A-4513-B964-3FA5290FF160}
		{8FEFAB80-0A89-4109-9104-5E937315C913} = {A0856299-D28A-4513-B964-3FA5290FF160}
		{0E72598E-2A93-4439-B732-8763CD99F2C3} = {8FEFAB80-0A89-4109-9104-5E937315C913}
		{C72AED47-F5FF-4B7B-BD11-62149542FB22} = {0E72598E-2A93-4439-B732-8763CD99F2C3}
		{5600A9AF-934C-4225-B05D-F11DBC29E0FF} = {0E72598E-2A93-4439-B732-8763CD99F2C3}
		{D69636BA-CCE9-4A85-845E-A378A2B03D62} = {2CA9B0AD-E127-47A6-AF23-D567C64FBA79}
		{B7C52FC7-9678-442B-9B1E-F19F09B05606} = {3F77CC04-2E58-452B-8107-0C93E7944D4E}
		{3F40EF71-126D-4D2B-84DB-37A574091B13} = {2CA9B0AD-E127-47A6-AF23-D567C64FBA79}
		{F4700C50-5E28-41BC-8D0E-7443B190C42C} = {916962DE-E7D5-4FBB-8B62-42872488ED9E}
		{E5E19772-C7DF-4586-AE35-3585AE28DBEB} = {F4700C50-5E28-41BC-8D0E-7443B190C42C}
		{B9F00634-88A1-40EF-9DAD-814A307AD81F} = {C6976E06-9D12-4398-8096-C23D04E63F61}
		{BE194924-7162-405D-BF6E-E6086BAA12F1} = {3F77CC04-2E58-452B-8107-0C93E7944D4E}
		{4478A162-4FE9-4737-A630-3899DC5935C6} = {CB8286F5-167B-4416-8FE9-9B97FCF146D5}
		{64BBFFEA-7CFB-49F9-AC74-3AD1D13245FC} = {A0856299-D28A-4513-B964-3FA5290FF160}
		{7B73D864-9997-4637-8765-44C17FD09CE1} = {64BBFFEA-7CFB-49F9-AC74-3AD1D13245FC}
		{DAB8847B-DE0A-45E2-A7DA-30432A36525B} = {64BBFFEA-7CFB-49F9-AC74-3AD1D13245FC}
		{825B11E7-9BF3-43B7-9BCE-4309EE404AEE} = {3F77CC04-2E58-452B-8107-0C93E7944D4E}
		{896CE6A5-59AA-4F7B-90EB-562F47D3C49E} = {8FEFAB80-0A89-4109-9104-5E937315C913}
		{FE571017-BC81-4B70-A876-58A52CAB40B4} = {05481E26-A4CA-4F7D-B6FC-671A8AAC18B1}
		{F1D041E0-DDB2-41B8-97EE-5539B10D91BE} = {2CA9B0AD-E127-47A6-AF23-D567C64FBA79}
		{8AEFDD4F-CF2E-4392-AF46-378DE96126A5} = {A0856299-D28A-4513-B964-3FA5290FF160}
		{6B572F54-0E2F-4223-8283-14B3BAB7534A} = {8AEFDD4F-CF2E-4392-AF46-378DE96126A5}
		{084FB05C-4022-40FD-B00B-E3229B882F08} = {05481E26-A4CA-4F7D-B6FC-671A8AAC18B1}
		{8D33307F-0E96-491A-9D31-9025709310F6} = {CB8286F5-167B-4416-8FE9-9B97FCF146D5}
		{C91D0412-1BB2-40D2-8DCA-A48B6C5B7E67} = {CB8286F5-167B-4416-8FE9-9B97FCF146D5}
		{F31606FF-3737-45DC-8E89-6256AACD841F} = {CB8286F5-167B-4416-8FE9-9B97FCF146D5}
		{5AC206E0-6B2E-4DBC-9B8A-74A47C907C6A} = {2CA9B0AD-E127-47A6-AF23-D567C64FBA79}
		{EE4035A8-CEFE-4E3A-9CD9-4AE7E88DA2C4} = {916962DE-E7D5-4FBB-8B62-42872488ED9E}
		{D18F494B-3639-4094-BD5E-BE8D81D5CD39} = {EE4035A8-CEFE-4E3A-9CD9-4AE7E88DA2C4}
		{CAE417E8-0E2D-499D-B11D-78A95155AF8A} = {EE4035A8-CEFE-4E3A-9CD9-4AE7E88DA2C4}
		{D649D56B-777C-4246-8D59-C32749D94D39} = {EE4035A8-CEFE-4E3A-9CD9-4AE7E88DA2C4}
		{8B4F93E0-86D7-474C-8DD5-14E0AAD8BF91} = {EE4035A8-CEFE-4E3A-9CD9-4AE7E88DA2C4}
		{A0677BEA-ADB1-4950-89E6-89483D621A52} = {EE4035A8-CEFE-4E3A-9CD9-4AE7E88DA2C4}
		{E0E7957E-731F-4FDD-83FE-634FFE24862F} = {A0856299-D28A-4513-B964-3FA5290FF160}
		{E0621435-AF35-4CFA-BE9E-3781AF6E161F} = {E0E7957E-731F-4FDD-83FE-634FFE24862F}
		{F36DEF23-4FFF-4237-9104-03CF19036C70} = {A0856299-D28A-4513-B964-3FA5290FF160}
		{C3114338-AD22-4EBC-85C3-EE06045CDD78} = {F36DEF23-4FFF-4237-9104-03CF19036C70}
		{A1429F96-C7F8-49D8-ADB8-73A1A4DAA70F} = {F36DEF23-4FFF-4237-9104-03CF19036C70}
		{32023088-0392-4B48-B2CF-3754B55C6DE9} = {A0856299-D28A-4513-B964-3FA5290FF160}
		{F50194C0-9561-40C7-B9CB-B977E3B3D76D} = {32023088-0392-4B48-B2CF-3754B55C6DE9}
		{3434D5B2-B06F-4356-9E9B-90171CEF482B} = {32023088-0392-4B48-B2CF-3754B55C6DE9}
		{ECD9E150-8104-4DA3-B807-A6A4392A67C6} = {32023088-0392-4B48-B2CF-3754B55C6DE9}
		{BE95524A-F9C2-4D0D-8F7E-1C7019B5A114} = {32023088-0392-4B48-B2CF-3754B55C6DE9}
		{74504D41-B716-4B0B-B265-ED2A91A2A5C2} = {EE4035A8-CEFE-4E3A-9CD9-4AE7E88DA2C4}
		{49072585-8CC1-43A5-BE0D-ABCE888BC5D1} = {32023088-0392-4B48-B2CF-3754B55C6DE9}
		{D318834B-5A27-4EAC-B17D-A9BD7A2DCA0D} = {49072585-8CC1-43A5-BE0D-ABCE888BC5D1}
		{272CEB19-2B5A-49BC-B8EA-CBC79AA87C37} = {49072585-8CC1-43A5-BE0D-ABCE888BC5D1}
		{1C844B9E-A51C-483C-A045-7AB8F2012581} = {49072585-8CC1-43A5-BE0D-ABCE888BC5D1}
		{76E38559-0AF2-4AE3-BCE8-8653277A5B07} = {49072585-8CC1-43A5-BE0D-ABCE888BC5D1}
		{41FBDC53-3167-4DEA-8B87-CFCCAFBCE7DD} = {DF620739-6A2F-49F0-A732-6575879F1D86}
	EndGlobalSection
	GlobalSection(ExtensibilityGlobals) = postSolution
		SolutionGuid = {EAF15EE9-DCC5-411B-A9E5-7C2F3D132331}
	EndGlobalSection
	GlobalSection(Performance) = preSolution
		HasPerformanceSessions = true
	EndGlobalSection
	GlobalSection(Performance) = preSolution
		HasPerformanceSessions = true
	EndGlobalSection
EndGlobal
